
Microsoft Visual Studio Solution File, Format Version 12.00
# Visual Studio Version 16
VisualStudioVersion = 16.0.29424.173
MinimumVisualStudioVersion = 10.0.40219.1
Project("{8BC9CEB8-8B4A-11D0-8D11-00A0C91BC942}") = "Лаба 1", "Лаба 1.vcxproj", "{20A86BE5-9F42-461B-9038-4BE555465163}"
EndProject
Global
	GlobalSection(SolutionConfigurationPlatforms) = preSolution
		Debug|x64 = Debug|x64
		Debug|x86 = Debug|x86
		Release|x64 = Release|x64
		Release|x86 = Release|x86
	EndGlobalSection
	GlobalSection(ProjectConfigurationPlatforms) = postSolution
		{20A86BE5-9F42-461B-9038-4BE555465163}.Debug|x64.ActiveCfg = Debug|x64
		{20A86BE5-9F42-461B-9038-4BE555465163}.Debug|x64.Build.0 = Debug|x64
		{20A86BE5-9F42-461B-9038-4BE555465163}.Debug|x86.ActiveCfg = Debug|Win32
		{20A86BE5-9F42-461B-9038-4BE555465163}.Debug|x86.Build.0 = Debug|Win32
		{20A86BE5-9F42-461B-9038-4BE555465163}.Release|x64.ActiveCfg = Release|x64
		{20A86BE5-9F42-461B-9038-4BE555465163}.Release|x64.Build.0 = Release|x64
		{20A86BE5-9F42-461B-9038-4BE555465163}.Release|x86.ActiveCfg = Release|Win32
		{20A86BE5-9F42-461B-9038-4BE555465163}.Release|x86.Build.0 = Release|Win32
	EndGlobalSection
	GlobalSection(SolutionProperties) = preSolution
		HideSolutionNode = FALSE
	EndGlobalSection
	GlobalSection(ExtensibilityGlobals) = postSolution
		SolutionGuid = {5676D2EC-6BC7-4925-89B8-F6A57A9E36C3}
	EndGlobalSection
EndGlobal
